
Microsoft Visual Studio Solution File, Format Version 12.00
# Visual Studio 14
VisualStudioVersion = 14.0.24720.0
MinimumVisualStudioVersion = 10.0.40219.1
Project("{8BC9CEB8-8B4A-11D0-8D11-00A0C91BC942}") = "PlayAigis", "PlayAigis\PlayAigis.vcxproj", "{314B0DF3-EE4A-41E7-919A-B7BB4BC0EE50}"
EndProject
Project("{888888A0-9F3D-457C-B088-3A5042F75D52}") = "proj_py", "publish\pyserver\proj_py.pyproj", "{CD4C2932-1666-4802-BF3B-6671E411D40C}"
EndProject
Project("{A0786B88-2ADB-4C21-ABE8-AA2D79766269}") = "proj_php", "publish\phpserver\proj_php.phpproj", "{2A2E3083-31CB-40FB-B4E8-C8C1C0A2314C}"
EndProject
Global
	GlobalSection(SolutionConfigurationPlatforms) = preSolution
		Debug|Any CPU = Debug|Any CPU
		Debug|Win32 = Debug|Win32
		Release|Any CPU = Release|Any CPU
		Release|Win32 = Release|Win32
		RUSH|Any CPU = RUSH|Any CPU
		RUSH|Win32 = RUSH|Win32
		SEC|Any CPU = SEC|Any CPU
		SEC|Win32 = SEC|Win32
		TOOL|Any CPU = TOOL|Any CPU
		TOOL|Win32 = TOOL|Win32
	EndGlobalSection
	GlobalSection(ProjectConfigurationPlatforms) = postSolution
		{314B0DF3-EE4A-41E7-919A-B7BB4BC0EE50}.Debug|Any CPU.ActiveCfg = Debug|Win32
		{314B0DF3-EE4A-41E7-919A-B7BB4BC0EE50}.Debug|Win32.ActiveCfg = Debug|Win32
		{314B0DF3-EE4A-41E7-919A-B7BB4BC0EE50}.Debug|Win32.Build.0 = Debug|Win32
		{314B0DF3-EE4A-41E7-919A-B7BB4BC0EE50}.Release|Any CPU.ActiveCfg = Release|Win32
		{314B0DF3-EE4A-41E7-919A-B7BB4BC0EE50}.Release|Win32.ActiveCfg = Release|Win32
		{314B0DF3-EE4A-41E7-919A-B7BB4BC0EE50}.Release|Win32.Build.0 = Release|Win32
		{314B0DF3-EE4A-41E7-919A-B7BB4BC0EE50}.RUSH|Any CPU.ActiveCfg = RUSH|Win32
		{314B0DF3-EE4A-41E7-919A-B7BB4BC0EE50}.RUSH|Win32.ActiveCfg = RUSH|Win32
		{314B0DF3-EE4A-41E7-919A-B7BB4BC0EE50}.RUSH|Win32.Build.0 = RUSH|Win32
		{314B0DF3-EE4A-41E7-919A-B7BB4BC0EE50}.SEC|Any CPU.ActiveCfg = SEC|Win32
		{314B0DF3-EE4A-41E7-919A-B7BB4BC0EE50}.SEC|Win32.ActiveCfg = SEC|Win32
		{314B0DF3-EE4A-41E7-919A-B7BB4BC0EE50}.SEC|Win32.Build.0 = SEC|Win32
		{314B0DF3-EE4A-41E7-919A-B7BB4BC0EE50}.TOOL|Any CPU.ActiveCfg = TOOL|Win32
		{314B0DF3-EE4A-41E7-919A-B7BB4BC0EE50}.TOOL|Win32.ActiveCfg = TOOL|Win32
		{314B0DF3-EE4A-41E7-919A-B7BB4BC0EE50}.TOOL|Win32.Build.0 = TOOL|Win32
		{CD4C2932-1666-4802-BF3B-6671E411D40C}.Debug|Any CPU.ActiveCfg = Debug|Any CPU
		{CD4C2932-1666-4802-BF3B-6671E411D40C}.Debug|Win32.ActiveCfg = Debug|Any CPU
		{CD4C2932-1666-4802-BF3B-6671E411D40C}.Release|Any CPU.ActiveCfg = Release|Any CPU
		{CD4C2932-1666-4802-BF3B-6671E411D40C}.Release|Win32.ActiveCfg = Release|Any CPU
		{CD4C2932-1666-4802-BF3B-6671E411D40C}.RUSH|Any CPU.ActiveCfg = Release|Any CPU
		{CD4C2932-1666-4802-BF3B-6671E411D40C}.RUSH|Win32.ActiveCfg = Release|Any CPU
		{CD4C2932-1666-4802-BF3B-6671E411D40C}.SEC|Any CPU.ActiveCfg = Release|Any CPU
		{CD4C2932-1666-4802-BF3B-6671E411D40C}.SEC|Win32.ActiveCfg = Release|Any CPU
		{CD4C2932-1666-4802-BF3B-6671E411D40C}.TOOL|Any CPU.ActiveCfg = Release|Any CPU
		{CD4C2932-1666-4802-BF3B-6671E411D40C}.TOOL|Win32.ActiveCfg = Release|Any CPU
		{2A2E3083-31CB-40FB-B4E8-C8C1C0A2314C}.Debug|Any CPU.ActiveCfg = Debug|Any CPU
		{2A2E3083-31CB-40FB-B4E8-C8C1C0A2314C}.Debug|Win32.ActiveCfg = Debug|Any CPU
		{2A2E3083-31CB-40FB-B4E8-C8C1C0A2314C}.Release|Any CPU.ActiveCfg = Release|Any CPU
		{2A2E3083-31CB-40FB-B4E8-C8C1C0A2314C}.Release|Win32.ActiveCfg = Release|Any CPU
		{2A2E3083-31CB-40FB-B4E8-C8C1C0A2314C}.RUSH|Any CPU.ActiveCfg = Release|Any CPU
		{2A2E3083-31CB-40FB-B4E8-C8C1C0A2314C}.RUSH|Win32.ActiveCfg = Release|Any CPU
		{2A2E3083-31CB-40FB-B4E8-C8C1C0A2314C}.SEC|Any CPU.ActiveCfg = Release|Any CPU
		{2A2E3083-31CB-40FB-B4E8-C8C1C0A2314C}.SEC|Win32.ActiveCfg = Release|Any CPU
		{2A2E3083-31CB-40FB-B4E8-C8C1C0A2314C}.TOOL|Any CPU.ActiveCfg = Release|Any CPU
		{2A2E3083-31CB-40FB-B4E8-C8C1C0A2314C}.TOOL|Win32.ActiveCfg = Release|Any CPU
	EndGlobalSection
	GlobalSection(SolutionProperties) = preSolution
		HideSolutionNode = FALSE
	EndGlobalSection
EndGlobal
